
Microsoft Visual Studio Solution File, Format Version 12.00
# Visual Studio Version 16
VisualStudioVersion = 16.0.30611.23
MinimumVisualStudioVersion = 10.0.40219.1
Project("{FAE04EC0-301F-11D3-BF4B-00C04F79EFBC}") = "Trigonometrie_Testing", "Trigonometrie_Testing.csproj", "{FC8356D3-4C9F-4855-912C-A118C24B9345}"
EndProject
Global
	GlobalSection(SolutionConfigurationPlatforms) = preSolution
		Debug|Any CPU = Debug|Any CPU
		Release|Any CPU = Release|Any CPU
	EndGlobalSection
	GlobalSection(ProjectConfigurationPlatforms) = postSolution
		{FC8356D3-4C9F-4855-912C-A118C24B9345}.Debug|Any CPU.ActiveCfg = Debug|Any CPU
		{FC8356D3-4C9F-4855-912C-A118C24B9345}.Debug|Any CPU.Build.0 = Debug|Any CPU
		{FC8356D3-4C9F-4855-912C-A118C24B9345}.Release|Any CPU.ActiveCfg = Release|Any CPU
		{FC8356D3-4C9F-4855-912C-A118C24B9345}.Release|Any CPU.Build.0 = Release|Any CPU
	EndGlobalSection
	GlobalSection(SolutionProperties) = preSolution
		HideSolutionNode = FALSE
	EndGlobalSection
	GlobalSection(ExtensibilityGlobals) = postSolution
		SolutionGuid = {85DF1BEC-B26D-4C28-A1E5-8080AC316810}
	EndGlobalSection
EndGlobal
